
Microsoft Visual Studio Solution File, Format Version 12.00
# Visual Studio Version 17
VisualStudioVersion = 17.8.34316.72
MinimumVisualStudioVersion = 10.0.40219.1
Project("{FAE04EC0-301F-11D3-BF4B-00C04F79EFBC}") = "örnek", "örnek\örnek.csproj", "{92BF6DF3-7F0F-4F1D-B1C0-61F20479540B}"
EndProject
Global
	GlobalSection(SolutionConfigurationPlatforms) = preSolution
		Debug|Any CPU = Debug|Any CPU
		Release|Any CPU = Release|Any CPU
	EndGlobalSection
	GlobalSection(ProjectConfigurationPlatforms) = postSolution
		{92BF6DF3-7F0F-4F1D-B1C0-61F20479540B}.Debug|Any CPU.ActiveCfg = Debug|Any CPU
		{92BF6DF3-7F0F-4F1D-B1C0-61F20479540B}.Debug|Any CPU.Build.0 = Debug|Any CPU
		{92BF6DF3-7F0F-4F1D-B1C0-61F20479540B}.Release|Any CPU.ActiveCfg = Release|Any CPU
		{92BF6DF3-7F0F-4F1D-B1C0-61F20479540B}.Release|Any CPU.Build.0 = Release|Any CPU
	EndGlobalSection
	GlobalSection(SolutionProperties) = preSolution
		HideSolutionNode = FALSE
	EndGlobalSection
	GlobalSection(ExtensibilityGlobals) = postSolution
		SolutionGuid = {A126565B-A4E5-4934-A58D-EA2BACABC7D2}
	EndGlobalSection
EndGlobal
