
Microsoft Visual Studio Solution File, Format Version 12.00
# Visual Studio Version 17
VisualStudioVersion = 17.6.33829.357
MinimumVisualStudioVersion = 10.0.40219.1
Project("{FAE04EC0-301F-11D3-BF4B-00C04F79EFBC}") = "girilen nota göre harf verme", "girilen nota göre harf verme\girilen nota göre harf verme.csproj", "{BA67AE88-EEEB-4361-ACC9-5159BF0668B9}"
EndProject
Global
	GlobalSection(SolutionConfigurationPlatforms) = preSolution
		Debug|Any CPU = Debug|Any CPU
		Release|Any CPU = Release|Any CPU
	EndGlobalSection
	GlobalSection(ProjectConfigurationPlatforms) = postSolution
		{BA67AE88-EEEB-4361-ACC9-5159BF0668B9}.Debug|Any CPU.ActiveCfg = Debug|Any CPU
		{BA67AE88-EEEB-4361-ACC9-5159BF0668B9}.Debug|Any CPU.Build.0 = Debug|Any CPU
		{BA67AE88-EEEB-4361-ACC9-5159BF0668B9}.Release|Any CPU.ActiveCfg = Release|Any CPU
		{BA67AE88-EEEB-4361-ACC9-5159BF0668B9}.Release|Any CPU.Build.0 = Release|Any CPU
	EndGlobalSection
	GlobalSection(SolutionProperties) = preSolution
		HideSolutionNode = FALSE
	EndGlobalSection
	GlobalSection(ExtensibilityGlobals) = postSolution
		SolutionGuid = {38BD6CF9-225F-461E-81F2-7AD7223357B6}
	EndGlobalSection
EndGlobal
