
Microsoft Visual Studio Solution File, Format Version 12.00
# Visual Studio Version 17
VisualStudioVersion = 17.6.33829.357
MinimumVisualStudioVersion = 10.0.40219.1
Project("{FAE04EC0-301F-11D3-BF4B-00C04F79EFBC}") = "kullanıcıdan değer alma", "kullanıcıdan değer alma\kullanıcıdan değer alma.csproj", "{03C87766-E384-4A0F-8B20-AB87173D81A8}"
EndProject
Global
	GlobalSection(SolutionConfigurationPlatforms) = preSolution
		Debug|Any CPU = Debug|Any CPU
		Release|Any CPU = Release|Any CPU
	EndGlobalSection
	GlobalSection(ProjectConfigurationPlatforms) = postSolution
		{03C87766-E384-4A0F-8B20-AB87173D81A8}.Debug|Any CPU.ActiveCfg = Debug|Any CPU
		{03C87766-E384-4A0F-8B20-AB87173D81A8}.Debug|Any CPU.Build.0 = Debug|Any CPU
		{03C87766-E384-4A0F-8B20-AB87173D81A8}.Release|Any CPU.ActiveCfg = Release|Any CPU
		{03C87766-E384-4A0F-8B20-AB87173D81A8}.Release|Any CPU.Build.0 = Release|Any CPU
	EndGlobalSection
	GlobalSection(SolutionProperties) = preSolution
		HideSolutionNode = FALSE
	EndGlobalSection
	GlobalSection(ExtensibilityGlobals) = postSolution
		SolutionGuid = {0170AAB4-5597-45CA-B561-B75B34729F49}
	EndGlobalSection
EndGlobal
