
Microsoft Visual Studio Solution File, Format Version 12.00
# Visual Studio Version 17
VisualStudioVersion = 17.8.34316.72
MinimumVisualStudioVersion = 10.0.40219.1
Project("{FAE04EC0-301F-11D3-BF4B-00C04F79EFBC}") = "döngüler", "döngüler\döngüler.csproj", "{395E8D20-7F8E-4C52-83B2-FAC11AD82C27}"
EndProject
Global
	GlobalSection(SolutionConfigurationPlatforms) = preSolution
		Debug|Any CPU = Debug|Any CPU
		Release|Any CPU = Release|Any CPU
	EndGlobalSection
	GlobalSection(ProjectConfigurationPlatforms) = postSolution
		{395E8D20-7F8E-4C52-83B2-FAC11AD82C27}.Debug|Any CPU.ActiveCfg = Debug|Any CPU
		{395E8D20-7F8E-4C52-83B2-FAC11AD82C27}.Debug|Any CPU.Build.0 = Debug|Any CPU
		{395E8D20-7F8E-4C52-83B2-FAC11AD82C27}.Release|Any CPU.ActiveCfg = Release|Any CPU
		{395E8D20-7F8E-4C52-83B2-FAC11AD82C27}.Release|Any CPU.Build.0 = Release|Any CPU
	EndGlobalSection
	GlobalSection(SolutionProperties) = preSolution
		HideSolutionNode = FALSE
	EndGlobalSection
	GlobalSection(ExtensibilityGlobals) = postSolution
		SolutionGuid = {C518A0EA-06CB-4577-B8AE-AF741D0B223A}
	EndGlobalSection
EndGlobal
