
Microsoft Visual Studio Solution File, Format Version 12.00
# Visual Studio Version 17
VisualStudioVersion = 17.8.34316.72
MinimumVisualStudioVersion = 10.0.40219.1
Project("{FAE04EC0-301F-11D3-BF4B-00C04F79EFBC}") = "okulörnekler", "okulörnekler\okulörnekler.csproj", "{7EE2909D-0DA7-4503-BBD6-837CC561A858}"
EndProject
Global
	GlobalSection(SolutionConfigurationPlatforms) = preSolution
		Debug|Any CPU = Debug|Any CPU
		Release|Any CPU = Release|Any CPU
	EndGlobalSection
	GlobalSection(ProjectConfigurationPlatforms) = postSolution
		{7EE2909D-0DA7-4503-BBD6-837CC561A858}.Debug|Any CPU.ActiveCfg = Debug|Any CPU
		{7EE2909D-0DA7-4503-BBD6-837CC561A858}.Debug|Any CPU.Build.0 = Debug|Any CPU
		{7EE2909D-0DA7-4503-BBD6-837CC561A858}.Release|Any CPU.ActiveCfg = Release|Any CPU
		{7EE2909D-0DA7-4503-BBD6-837CC561A858}.Release|Any CPU.Build.0 = Release|Any CPU
	EndGlobalSection
	GlobalSection(SolutionProperties) = preSolution
		HideSolutionNode = FALSE
	EndGlobalSection
	GlobalSection(ExtensibilityGlobals) = postSolution
		SolutionGuid = {3F0844C1-245E-4D38-98B6-3FF5A568CA87}
	EndGlobalSection
EndGlobal
