
Microsoft Visual Studio Solution File, Format Version 12.00
# Visual Studio Version 17
VisualStudioVersion = 17.6.33829.357
MinimumVisualStudioVersion = 10.0.40219.1
Project("{FAE04EC0-301F-11D3-BF4B-00C04F79EFBC}") = "atm örneği(switch case)", "atm örneği(switch case)\atm örneği(switch case).csproj", "{8A274BF2-514C-45EB-AD67-5B157C4E409A}"
EndProject
Global
	GlobalSection(SolutionConfigurationPlatforms) = preSolution
		Debug|Any CPU = Debug|Any CPU
		Release|Any CPU = Release|Any CPU
	EndGlobalSection
	GlobalSection(ProjectConfigurationPlatforms) = postSolution
		{8A274BF2-514C-45EB-AD67-5B157C4E409A}.Debug|Any CPU.ActiveCfg = Debug|Any CPU
		{8A274BF2-514C-45EB-AD67-5B157C4E409A}.Debug|Any CPU.Build.0 = Debug|Any CPU
		{8A274BF2-514C-45EB-AD67-5B157C4E409A}.Release|Any CPU.ActiveCfg = Release|Any CPU
		{8A274BF2-514C-45EB-AD67-5B157C4E409A}.Release|Any CPU.Build.0 = Release|Any CPU
	EndGlobalSection
	GlobalSection(SolutionProperties) = preSolution
		HideSolutionNode = FALSE
	EndGlobalSection
	GlobalSection(ExtensibilityGlobals) = postSolution
		SolutionGuid = {AD98FB51-1664-4900-A318-AC28ECF1F4CB}
	EndGlobalSection
EndGlobal
