
Microsoft Visual Studio Solution File, Format Version 12.00
# Visual Studio Version 17
VisualStudioVersion = 17.6.33829.357
MinimumVisualStudioVersion = 10.0.40219.1
Project("{FAE04EC0-301F-11D3-BF4B-00C04F79EFBC}") = "kullanıcıdan girilen değer string olur", "kullanıcıdan girilen değer string olur\kullanıcıdan girilen değer string olur.csproj", "{ACEFA857-0DCD-4D6D-991A-116B0E0BF0CF}"
EndProject
Global
	GlobalSection(SolutionConfigurationPlatforms) = preSolution
		Debug|Any CPU = Debug|Any CPU
		Release|Any CPU = Release|Any CPU
	EndGlobalSection
	GlobalSection(ProjectConfigurationPlatforms) = postSolution
		{ACEFA857-0DCD-4D6D-991A-116B0E0BF0CF}.Debug|Any CPU.ActiveCfg = Debug|Any CPU
		{ACEFA857-0DCD-4D6D-991A-116B0E0BF0CF}.Debug|Any CPU.Build.0 = Debug|Any CPU
		{ACEFA857-0DCD-4D6D-991A-116B0E0BF0CF}.Release|Any CPU.ActiveCfg = Release|Any CPU
		{ACEFA857-0DCD-4D6D-991A-116B0E0BF0CF}.Release|Any CPU.Build.0 = Release|Any CPU
	EndGlobalSection
	GlobalSection(SolutionProperties) = preSolution
		HideSolutionNode = FALSE
	EndGlobalSection
	GlobalSection(ExtensibilityGlobals) = postSolution
		SolutionGuid = {ECE890AC-2994-4F4D-99BE-EB63D3DDAD52}
	EndGlobalSection
EndGlobal
